
Microsoft Visual Studio Solution File, Format Version 12.00
# Visual Studio 15
VisualStudioVersion = 15.0.27703.2026
MinimumVisualStudioVersion = 10.0.40219.1
Project("{F184B08F-C81C-45F6-A57F-5ABD9991F28F}") = "ConsoleApp2", "ConsoleApp2\ConsoleApp2.vbproj", "{0123C51D-E99C-4E5E-95E1-7A3B5F9BC663}"
EndProject
Global
	GlobalSection(SolutionConfigurationPlatforms) = preSolution
		Debug|Any CPU = Debug|Any CPU
		Release|Any CPU = Release|Any CPU
	EndGlobalSection
	GlobalSection(ProjectConfigurationPlatforms) = postSolution
		{0123C51D-E99C-4E5E-95E1-7A3B5F9BC663}.Debug|Any CPU.ActiveCfg = Debug|Any CPU
		{0123C51D-E99C-4E5E-95E1-7A3B5F9BC663}.Debug|Any CPU.Build.0 = Debug|Any CPU
		{0123C51D-E99C-4E5E-95E1-7A3B5F9BC663}.Release|Any CPU.ActiveCfg = Release|Any CPU
		{0123C51D-E99C-4E5E-95E1-7A3B5F9BC663}.Release|Any CPU.Build.0 = Release|Any CPU
	EndGlobalSection
	GlobalSection(SolutionProperties) = preSolution
		HideSolutionNode = FALSE
	EndGlobalSection
	GlobalSection(ExtensibilityGlobals) = postSolution
		SolutionGuid = {7076DB8D-DF16-4DD2-8315-31F781EEEB1D}
	EndGlobalSection
EndGlobal
